
Microsoft Visual Studio Solution File, Format Version 12.00
# Visual Studio Version 16
VisualStudioVersion = 16.0.30114.105
MinimumVisualStudioVersion = 10.0.40219.1
Project("{FAE04EC0-301F-11D3-BF4B-00C04F79EFBC}") = "part1", "part1\part1.csproj", "{BFA2A5BC-E743-47F5-885F-0050BDF59DB2}"
EndProject
Project("{FAE04EC0-301F-11D3-BF4B-00C04F79EFBC}") = "part2", "part2\part2.csproj", "{AD13668B-07C0-4874-82AB-6F3041188181}"
EndProject
Global
	GlobalSection(SolutionConfigurationPlatforms) = preSolution
		Debug|Any CPU = Debug|Any CPU
		Release|Any CPU = Release|Any CPU
	EndGlobalSection
	GlobalSection(SolutionProperties) = preSolution
		HideSolutionNode = FALSE
	EndGlobalSection
	GlobalSection(ProjectConfigurationPlatforms) = postSolution
		{BFA2A5BC-E743-47F5-885F-0050BDF59DB2}.Debug|Any CPU.ActiveCfg = Debug|Any CPU
		{BFA2A5BC-E743-47F5-885F-0050BDF59DB2}.Debug|Any CPU.Build.0 = Debug|Any CPU
		{BFA2A5BC-E743-47F5-885F-0050BDF59DB2}.Release|Any CPU.ActiveCfg = Release|Any CPU
		{BFA2A5BC-E743-47F5-885F-0050BDF59DB2}.Release|Any CPU.Build.0 = Release|Any CPU
		{AD13668B-07C0-4874-82AB-6F3041188181}.Debug|Any CPU.ActiveCfg = Debug|Any CPU
		{AD13668B-07C0-4874-82AB-6F3041188181}.Debug|Any CPU.Build.0 = Debug|Any CPU
		{AD13668B-07C0-4874-82AB-6F3041188181}.Release|Any CPU.ActiveCfg = Release|Any CPU
		{AD13668B-07C0-4874-82AB-6F3041188181}.Release|Any CPU.Build.0 = Release|Any CPU
	EndGlobalSection
EndGlobal
